Microsoft Visual Studio Solution File, Format Version 11.00
# Visual Studio 2010
Project("{FAE04EC0-301F-11D3-BF4B-00C04F79EFBC}") = "Assembly-CSharp", "Assembly-CSharp.csproj", "{01A3F061-31E3-28CA-3767-3096B40A1254}"
EndProject
Project("{FAE04EC0-301F-11D3-BF4B-00C04F79EFBC}") = "Assembly-CSharp-Editor", "Assembly-CSharp-Editor.csproj", "{172E1BC9-EDD5-2C42-BF5B-128A7EC12F67}"
EndProject
Global
	GlobalSection(SolutionConfigurationPlatforms) = preSolution
		Debug|Any CPU = Debug|Any CPU
		Release|Any CPU = Release|Any CPU
	EndGlobalSection
	GlobalSection(ProjectConfigurationPlatforms) = postSolution
		{01A3F061-31E3-28CA-3767-3096B40A1254}.Debug|Any CPU.ActiveCfg = Debug|Any CPU
		{01A3F061-31E3-28CA-3767-3096B40A1254}.Debug|Any CPU.Build.0 = Debug|Any CPU
		{01A3F061-31E3-28CA-3767-3096B40A1254}.Release|Any CPU.ActiveCfg = Release|Any CPU
		{01A3F061-31E3-28CA-3767-3096B40A1254}.Release|Any CPU.Build.0 = Release|Any CPU
		{172E1BC9-EDD5-2C42-BF5B-128A7EC12F67}.Debug|Any CPU.ActiveCfg = Debug|Any CPU
		{172E1BC9-EDD5-2C42-BF5B-128A7EC12F67}.Debug|Any CPU.Build.0 = Debug|Any CPU
		{172E1BC9-EDD5-2C42-BF5B-128A7EC12F67}.Release|Any CPU.ActiveCfg = Release|Any CPU
		{172E1BC9-EDD5-2C42-BF5B-128A7EC12F67}.Release|Any CPU.Build.0 = Release|Any CPU
	EndGlobalSection
	GlobalSection(SolutionProperties) = preSolution
		HideSolutionNode = FALSE
	EndGlobalSection
EndGlobal
